
Microsoft Visual Studio Solution File, Format Version 12.00
# Visual Studio Version 16
VisualStudioVersion = 16.0.30413.136
MinimumVisualStudioVersion = 10.0.40219.1
Project("{8BC9CEB8-8B4A-11D0-8D11-00A0C91BC942}") = "tema1[AG]", "tema1[AG]\tema1[AG].vcxproj", "{580D9AEA-69CD-4960-81D3-39A6F187E6F7}"
EndProject
Global
	GlobalSection(SolutionConfigurationPlatforms) = preSolution
		Debug|x64 = Debug|x64
		Debug|x86 = Debug|x86
		Release|x64 = Release|x64
		Release|x86 = Release|x86
	EndGlobalSection
	GlobalSection(ProjectConfigurationPlatforms) = postSolution
		{580D9AEA-69CD-4960-81D3-39A6F187E6F7}.Debug|x64.ActiveCfg = Debug|x64
		{580D9AEA-69CD-4960-81D3-39A6F187E6F7}.Debug|x64.Build.0 = Debug|x64
		{580D9AEA-69CD-4960-81D3-39A6F187E6F7}.Debug|x86.ActiveCfg = Debug|Win32
		{580D9AEA-69CD-4960-81D3-39A6F187E6F7}.Debug|x86.Build.0 = Debug|Win32
		{580D9AEA-69CD-4960-81D3-39A6F187E6F7}.Release|x64.ActiveCfg = Release|x64
		{580D9AEA-69CD-4960-81D3-39A6F187E6F7}.Release|x64.Build.0 = Release|x64
		{580D9AEA-69CD-4960-81D3-39A6F187E6F7}.Release|x86.ActiveCfg = Release|Win32
		{580D9AEA-69CD-4960-81D3-39A6F187E6F7}.Release|x86.Build.0 = Release|Win32
	EndGlobalSection
	GlobalSection(SolutionProperties) = preSolution
		HideSolutionNode = FALSE
	EndGlobalSection
	GlobalSection(ExtensibilityGlobals) = postSolution
		SolutionGuid = {1E6B208A-489E-4424-9EF4-B30CE40CF9B5}
	EndGlobalSection
EndGlobal
